// !$*UTF8*$!
{
	archiveVersion = 1;
	classes = {
	};
	objectVersion = 46;
	objects = {

/* Begin PBXBuildFile section */
		849B922B1F02BDA8005397F8 /* AppDelegate.swift in Sources */ = {isa = PBXBuildFile; fileRef = 849B922A1F02BDA8005397F8 /* AppDelegate.swift */; };
		849B922D1F02BDA8005397F8 /* GameScene.sks in Resources */ = {isa = PBXBuildFile; fileRef = 849B922C1F02BDA8005397F8 /* GameScene.sks */; };
		849B92311F02BDA8005397F8 /* GameScene.swift in Sources */ = {isa = PBXBuildFile; fileRef = 849B92301F02BDA8005397F8 /* GameScene.swift */; };
		849B92331F02BDA8005397F8 /* GameViewController.swift in Sources */ = {isa = PBXBuildFile; fileRef = 849B92321F02BDA8005397F8 /* GameViewController.swift */; };
		849B92361F02BDA8005397F8 /* Main.storyboard in Resources */ = {isa = PBXBuildFile; fileRef = 849B92341F02BDA8005397F8 /* Main.storyboard */; };
		849B92381F02BDA8005397F8 /* Assets.xcassets in Resources */ = {isa = PBXBuildFile; fileRef = 849B92371F02BDA8005397F8 /* Assets.xcassets */; };
		849B923B1F02BDA8005397F8 /* LaunchScreen.storyboard in Resources */ = {isa = PBXBuildFile; fileRef = 849B92391F02BDA8005397F8 /* LaunchScreen.storyboard */; };
		849B92461F02BDA9005397F8 /* Complex_CoreTests.swift in Sources */ = {isa = PBXBuildFile; fileRef = 849B92451F02BDA9005397F8 /* Complex_CoreTests.swift */; };
		849B92511F02BDA9005397F8 /* Complex_CoreUITests.swift in Sources */ = {isa = PBXBuildFile; fileRef = 849B92501F02BDA9005397F8 /* Complex_CoreUITests.swift */; };
/* End PBXBuildFile section */

/* Begin PBXContainerItemProxy section */
		849B92421F02BDA9005397F8 /* PBXContainerItemProxy */ = {
			isa = PBXContainerItemProxy;
			containerPortal = 849B921F1F02BDA8005397F8 /* Project object */;
			proxyType = 1;
			remoteGlobalIDString = 849B92261F02BDA8005397F8;
			remoteInfo = "Complex Core";
		};
		849B924D1F02BDA9005397F8 /* PBXContainerItemProxy */ = {
			isa = PBXContainerItemProxy;
			containerPortal = 849B921F1F02BDA8005397F8 /* Project object */;
			proxyType = 1;
			remoteGlobalIDString = 849B92261F02BDA8005397F8;
			remoteInfo = "Complex Core";
		};
/* End PBXContainerItemProxy section */

/* Begin PBXFileReference section */
		849B92271F02BDA8005397F8 /* Convex Core.app */ = {isa = PBXFileReference; explicitFileType = wrapper.application; includeInIndex = 0; path = "Convex Core.app"; sourceTree = BUILT_PRODUCTS_DIR; };
		849B922A1F02BDA8005397F8 /* AppDelegate.swift */ = {isa = PBXFileReference; lastKnownFileType = sourcecode.swift; path = AppDelegate.swift; sourceTree = "<group>"; };
		849B922C1F02BDA8005397F8 /* GameScene.sks */ = {isa = PBXFileReference; lastKnownFileType = file.sks; path = GameScene.sks; sourceTree = "<group>"; };
		849B92301F02BDA8005397F8 /* GameScene.swift */ = {isa = PBXFileReference; lastKnownFileType = sourcecode.swift; path = GameScene.swift; sourceTree = "<group>"; };
		849B92321F02BDA8005397F8 /* GameViewController.swift */ = {isa = PBXFileReference; lastKnownFileType = sourcecode.swift; path = GameViewController.swift; sourceTree = "<group>"; };
		849B92351F02BDA8005397F8 /* Base */ = {isa = PBXFileReference; lastKnownFileType = file.storyboard; name = Base; path = Base.lproj/Main.storyboard; sourceTree = "<group>"; };
		849B92371F02BDA8005397F8 /* Assets.xcassets */ = {isa = PBXFileReference; lastKnownFileType = folder.assetcatalog; path = Assets.xcassets; sourceTree = "<group>"; };
		849B923A1F02BDA8005397F8 /* Base */ = {isa = PBXFileReference; lastKnownFileType = file.storyboard; name = Base; path = Base.lproj/LaunchScreen.storyboard; sourceTree = "<group>"; };
		849B923C1F02BDA8005397F8 /* Info.plist */ = {isa = PBXFileReference; lastKnownFileType = text.plist.xml; path = Info.plist; sourceTree = "<group>"; };
		849B92411F02BDA9005397F8 /* Convex CoreTests.xctest */ = {isa = PBXFileReference; explicitFileType = wrapper.cfbundle; includeInIndex = 0; path = "Convex CoreTests.xctest"; sourceTree = BUILT_PRODUCTS_DIR; };
		849B92451F02BDA9005397F8 /* Complex_CoreTests.swift */ = {isa = PBXFileReference; lastKnownFileType = sourcecode.swift; path = Complex_CoreTests.swift; sourceTree = "<group>"; };
		849B92471F02BDA9005397F8 /* Info.plist */ = {isa = PBXFileReference; lastKnownFileType = text.plist.xml; path = Info.plist; sourceTree = "<group>"; };
		849B924C1F02BDA9005397F8 /* Convex CoreUITests.xctest */ = {isa = PBXFileReference; explicitFileType = wrapper.cfbundle; includeInIndex = 0; path = "Convex CoreUITests.xctest"; sourceTree = BUILT_PRODUCTS_DIR; };
		849B92501F02BDA9005397F8 /* Complex_CoreUITests.swift */ = {isa = PBXFileReference; lastKnownFileType = sourcecode.swift; path = Complex_CoreUITests.swift; sourceTree = "<group>"; };
		849B92521F02BDA9005397F8 /* Info.plist */ = {isa = PBXFileReference; lastKnownFileType = text.plist.xml; path = Info.plist; sourceTree = "<group>"; };
/* End PBXFileReference section */

/* Begin PBXFrameworksBuildPhase section */
		849B92241F02BDA8005397F8 /* Frameworks */ = {
			isa = PBXFrameworksBuildPhase;
			buildActionMask = 2147483647;
			files = (
			);
			runOnlyForDeploymentPostprocessing = 0;
		};
		849B923E1F02BDA9005397F8 /* Frameworks */ = {
			isa = PBXFrameworksBuildPhase;
			buildActionMask = 2147483647;
			files = (
			);
			runOnlyForDeploymentPostprocessing = 0;
		};
		849B92491F02BDA9005397F8 /* Frameworks */ = {
			isa = PBXFrameworksBuildPhase;
			buildActionMask = 2147483647;
			files = (
			);
			runOnlyForDeploymentPostprocessing = 0;
		};
/* End PBXFrameworksBuildPhase section */

/* Begin PBXGroup section */
		84218F551F02EA0E00CD36DB /* System */ = {
			isa = PBXGroup;
			children = (
				849B922A1F02BDA8005397F8 /* AppDelegate.swift */,
				849B92321F02BDA8005397F8 /* GameViewController.swift */,
				849B92341F02BDA8005397F8 /* Main.storyboard */,
				849B92391F02BDA8005397F8 /* LaunchScreen.storyboard */,
				849B923C1F02BDA8005397F8 /* Info.plist */,
			);
			name = System;
			sourceTree = "<group>";
		};
		849B921E1F02BDA8005397F8 = {
			isa = PBXGroup;
			children = (
				849B92291F02BDA8005397F8 /* Convex Core */,
				849B92441F02BDA9005397F8 /* Convex CoreTests */,
				849B924F1F02BDA9005397F8 /* Convex CoreUITests */,
				849B92281F02BDA8005397F8 /* Products */,
			);
			sourceTree = "<group>";
		};
		849B92281F02BDA8005397F8 /* Products */ = {
			isa = PBXGroup;
			children = (
				849B92271F02BDA8005397F8 /* Convex Core.app */,
				849B92411F02BDA9005397F8 /* Convex CoreTests.xctest */,
				849B924C1F02BDA9005397F8 /* Convex CoreUITests.xctest */,
			);
			name = Products;
			sourceTree = "<group>";
		};
		849B92291F02BDA8005397F8 /* Convex Core */ = {
			isa = PBXGroup;
			children = (
				84218F551F02EA0E00CD36DB /* System */,
				849B922C1F02BDA8005397F8 /* GameScene.sks */,
				849B92301F02BDA8005397F8 /* GameScene.swift */,
				849B92371F02BDA8005397F8 /* Assets.xcassets */,
			);
			name = "Convex Core";
			path = "Complex Core";
			sourceTree = "<group>";
		};
		849B92441F02BDA9005397F8 /* Convex CoreTests */ = {
			isa = PBXGroup;
			children = (
				849B92451F02BDA9005397F8 /* Complex_CoreTests.swift */,
				849B92471F02BDA9005397F8 /* Info.plist */,
			);
			name = "Convex CoreTests";
			path = "Complex CoreTests";
			sourceTree = "<group>";
		};
		849B924F1F02BDA9005397F8 /* Convex CoreUITests */ = {
			isa = PBXGroup;
			children = (
				849B92501F02BDA9005397F8 /* Complex_CoreUITests.swift */,
				849B92521F02BDA9005397F8 /* Info.plist */,
			);
			name = "Convex CoreUITests";
			path = "Complex CoreUITests";
			sourceTree = "<group>";
		};
/* End PBXGroup section */

/* Begin PBXNativeTarget section */
		849B92261F02BDA8005397F8 /* Convex Core */ = {
			isa = PBXNativeTarget;
			buildConfigurationList = 849B92551F02BDA9005397F8 /* Build configuration list for PBXNativeTarget "Convex Core" */;
			buildPhases = (
				849B92231F02BDA8005397F8 /* Sources */,
				849B92241F02BDA8005397F8 /* Frameworks */,
				849B92251F02BDA8005397F8 /* Resources */,
			);
			buildRules = (
			);
			dependencies = (
			);
			name = "Convex Core";
			productName = "Complex Core";
			productReference = 849B92271F02BDA8005397F8 /* Convex Core.app */;
			productType = "com.apple.product-type.application";
		};
		849B92401F02BDA9005397F8 /* Convex CoreTests */ = {
			isa = PBXNativeTarget;
			buildConfigurationList = 849B92581F02BDA9005397F8 /* Build configuration list for PBXNativeTarget "Convex CoreTests" */;
			buildPhases = (
				849B923D1F02BDA9005397F8 /* Sources */,
				849B923E1F02BDA9005397F8 /* Frameworks */,
				849B923F1F02BDA9005397F8 /* Resources */,
			);
			buildRules = (
			);
			dependencies = (
				849B92431F02BDA9005397F8 /* PBXTargetDependency */,
			);
			name = "Convex CoreTests";
			productName = "Complex CoreTests";
			productReference = 849B92411F02BDA9005397F8 /* Convex CoreTests.xctest */;
			productType = "com.apple.product-type.bundle.unit-test";
		};
		849B924B1F02BDA9005397F8 /* Convex CoreUITests */ = {
			isa = PBXNativeTarget;
			buildConfigurationList = 849B925B1F02BDA9005397F8 /* Build configuration list for PBXNativeTarget "Convex CoreUITests" */;
			buildPhases = (
				849B92481F02BDA9005397F8 /* Sources */,
				849B92491F02BDA9005397F8 /* Frameworks */,
				849B924A1F02BDA9005397F8 /* Resources */,
			);
			buildRules = (
			);
			dependencies = (
				849B924E1F02BDA9005397F8 /* PBXTargetDependency */,
			);
			name = "Convex CoreUITests";
			productName = "Complex CoreUITests";
			productReference = 849B924C1F02BDA9005397F8 /* Convex CoreUITests.xctest */;
			productType = "com.apple.product-type.bundle.ui-testing";
		};
/* End PBXNativeTarget section */

/* Begin PBXProject section */
		849B921F1F02BDA8005397F8 /* Project object */ = {
			isa = PBXProject;
			attributes = {
				LastSwiftUpdateCheck = 0830;
				LastUpgradeCheck = 0830;
				ORGANIZATIONNAME = "App Camp";
				TargetAttributes = {
					849B92261F02BDA8005397F8 = {
						CreatedOnToolsVersion = 8.3.3;
						DevelopmentTeam = VQGZ978Q6B;
						ProvisioningStyle = Automatic;
					};
					849B92401F02BDA9005397F8 = {
						CreatedOnToolsVersion = 8.3.3;
						ProvisioningStyle = Automatic;
						TestTargetID = 849B92261F02BDA8005397F8;
					};
					849B924B1F02BDA9005397F8 = {
						CreatedOnToolsVersion = 8.3.3;
						ProvisioningStyle = Automatic;
						TestTargetID = 849B92261F02BDA8005397F8;
					};
				};
			};
			buildConfigurationList = 849B92221F02BDA8005397F8 /* Build configuration list for PBXProject "Convex Core" */;
			compatibilityVersion = "Xcode 3.2";
			developmentRegion = English;
			hasScannedForEncodings = 0;
			knownRegions = (
				en,
				Base,
			);
			mainGroup = 849B921E1F02BDA8005397F8;
			productRefGroup = 849B92281F02BDA8005397F8 /* Products */;
			projectDirPath = "";
			projectRoot = "";
			targets = (
				849B92261F02BDA8005397F8 /* Convex Core */,
				849B92401F02BDA9005397F8 /* Convex CoreTests */,
				849B924B1F02BDA9005397F8 /* Convex CoreUITests */,
			);
		};
/* End PBXProject section */

/* Begin PBXResourcesBuildPhase section */
		849B92251F02BDA8005397F8 /* Resources */ = {
			isa = PBXResourcesBuildPhase;
			buildActionMask = 2147483647;
			files = (
				849B92361F02BDA8005397F8 /* Main.storyboard in Resources */,
				849B922D1F02BDA8005397F8 /* GameScene.sks in Resources */,
				849B92381F02BDA8005397F8 /* Assets.xcassets in Resources */,
				849B923B1F02BDA8005397F8 /* LaunchScreen.storyboard in Resources */,
			);
			runOnlyForDeploymentPostprocessing = 0;
		};
		849B923F1F02BDA9005397F8 /* Resources */ = {
			isa = PBXResourcesBuildPhase;
			buildActionMask = 2147483647;
			files = (
			);
			runOnlyForDeploymentPostprocessing = 0;
		};
		849B924A1F02BDA9005397F8 /* Resources */ = {
			isa = PBXResourcesBuildPhase;
			buildActionMask = 2147483647;
			files = (
			);
			runOnlyForDeploymentPostprocessing = 0;
		};
/* End PBXResourcesBuildPhase section */

/* Begin PBXSourcesBuildPhase section */
		849B92231F02BDA8005397F8 /* Sources */ = {
			isa = PBXSourcesBuildPhase;
			buildActionMask = 2147483647;
			files = (
				849B92311F02BDA8005397F8 /* GameScene.swift in Sources */,
				849B92331F02BDA8005397F8 /* GameViewController.swift in Sources */,
				849B922B1F02BDA8005397F8 /* AppDelegate.swift in Sources */,
			);
			runOnlyForDeploymentPostprocessing = 0;
		};
		849B923D1F02BDA9005397F8 /* Sources */ = {
			isa = PBXSourcesBuildPhase;
			buildActionMask = 2147483647;
			files = (
				849B92461F02BDA9005397F8 /* Complex_CoreTests.swift in Sources */,
			);
			runOnlyForDeploymentPostprocessing = 0;
		};
		849B92481F02BDA9005397F8 /* Sources */ = {
			isa = PBXSourcesBuildPhase;
			buildActionMask = 2147483647;
			files = (
				849B92511F02BDA9005397F8 /* Complex_CoreUITests.swift in Sources */,
			);
			runOnlyForDeploymentPostprocessing = 0;
		};
/* End PBXSourcesBuildPhase section */

/* Begin PBXTargetDependency section */
		849B92431F02BDA9005397F8 /* PBXTargetDependency */ = {
			isa = PBXTargetDependency;
			target = 849B92261F02BDA8005397F8 /* Convex Core */;
			targetProxy = 849B92421F02BDA9005397F8 /* PBXContainerItemProxy */;
		};
		849B924E1F02BDA9005397F8 /* PBXTargetDependency */ = {
			isa = PBXTargetDependency;
			target = 849B92261F02BDA8005397F8 /* Convex Core */;
			targetProxy = 849B924D1F02BDA9005397F8 /* PBXContainerItemProxy */;
		};
/* End PBXTargetDependency section */

/* Begin PBXVariantGroup section */
		849B92341F02BDA8005397F8 /* Main.storyboard */ = {
			isa = PBXVariantGroup;
			children = (
				849B92351F02BDA8005397F8 /* Base */,
			);
			name = Main.storyboard;
			sourceTree = "<group>";
		};
		849B92391F02BDA8005397F8 /* LaunchScreen.storyboard */ = {
			isa = PBXVariantGroup;
			children = (
				849B923A1F02BDA8005397F8 /* Base */,
			);
			name = LaunchScreen.storyboard;
			sourceTree = "<group>";
		};
/* End PBXVariantGroup section */

/* Begin XCBuildConfiguration section */
		849B92531F02BDA9005397F8 /* Debug */ = {
			isa = XCBuildConfiguration;
			buildSettings = {
				ALWAYS_SEARCH_USER_PATHS = NO;
				CLANG_ANALYZER_NONNULL = YES;
				CLANG_ANALYZER_NUMBER_OBJECT_CONVERSION = YES_AGGRESSIVE;
				CLANG_CXX_LANGUAGE_STANDARD = "gnu++0x";
				CLANG_CXX_LIBRARY = "libc++";
				CLANG_ENABLE_MODULES = YES;
				CLANG_ENABLE_OBJC_ARC = YES;
				CLANG_WARN_BOOL_CONVERSION = YES;
				CLANG_WARN_CONSTANT_CONVERSION = YES;
				CLANG_WARN_DIRECT_OBJC_ISA_USAGE = YES_ERROR;
				CLANG_WARN_DOCUMENTATION_COMMENTS = YES;
				CLANG_WARN_EMPTY_BODY = YES;
				CLANG_WARN_ENUM_CONVERSION = YES;
				CLANG_WARN_INFINITE_RECURSION = YES;
				CLANG_WARN_INT_CONVERSION = YES;
				CLANG_WARN_OBJC_ROOT_CLASS = YES_ERROR;
				CLANG_WARN_SUSPICIOUS_MOVE = YES;
				CLANG_WARN_UNREACHABLE_CODE = YES;
				CLANG_WARN__DUPLICATE_METHOD_MATCH = YES;
				"CODE_SIGN_IDENTITY[sdk=iphoneos*]" = "iPhone Developer";
				COPY_PHASE_STRIP = NO;
				DEBUG_INFORMATION_FORMAT = dwarf;
				ENABLE_STRICT_OBJC_MSGSEND = YES;
				ENABLE_TESTABILITY = YES;
				GCC_C_LANGUAGE_STANDARD = gnu99;
				GCC_DYNAMIC_NO_PIC = NO;
				GCC_NO_COMMON_BLOCKS = YES;
				GCC_OPTIMIZATION_LEVEL = 0;
				GCC_PREPROCESSOR_DEFINITIONS = (
					"DEBUG=1",
					"$(inherited)",
				);
				GCC_WARN_64_TO_32_BIT_CONVERSION = YES;
				GCC_WARN_ABOUT_RETURN_TYPE = YES_ERROR;
				GCC_WARN_UNDECLARED_SELECTOR = YES;
				GCC_WARN_UNINITIALIZED_AUTOS = YES_AGGRESSIVE;
				GCC_WARN_UNUSED_FUNCTION = YES;
				GCC_WARN_UNUSED_VARIABLE = YES;
				IPHONEOS_DEPLOYMENT_TARGET = 10.3;
				MTL_ENABLE_DEBUG_INFO = YES;
				ONLY_ACTIVE_ARCH = YES;
				SDKROOT = iphoneos;
				SWIFT_ACTIVE_COMPILATION_CONDITIONS = DEBUG;
				SWIFT_OPTIMIZATION_LEVEL = "-Onone";
				TARGETED_DEVICE_FAMILY = "1,2";
			};
			name = Debug;
		};
		849B92541F02BDA9005397F8 /* Release */ = {
			isa = XCBuildConfiguration;
			buildSettings = {
				ALWAYS_SEARCH_USER_PATHS = NO;
				CLANG_ANALYZER_NONNULL = YES;
				CLANG_ANALYZER_NUMBER_OBJECT_CONVERSION = YES_AGGRESSIVE;
				CLANG_CXX_LANGUAGE_STANDARD = "gnu++0x";
				CLANG_CXX_LIBRARY = "libc++";
				CLANG_ENABLE_MODULES = YES;
				CLANG_ENABLE_OBJC_ARC = YES;
				CLANG_WARN_BOOL_CONVERSION = YES;
				CLANG_WARN_CONSTANT_CONVERSION = YES;
				CLANG_WARN_DIRECT_OBJC_ISA_USAGE = YES_ERROR;
				CLANG_WARN_DOCUMENTATION_COMMENTS = YES;
				CLANG_WARN_EMPTY_BODY = YES;
				CLANG_WARN_ENUM_CONVERSION = YES;
				CLANG_WARN_INFINITE_RECURSION = YES;
				CLANG_WARN_INT_CONVERSION = YES;
				CLANG_WARN_OBJC_ROOT_CLASS = YES_ERROR;
				CLANG_WARN_SUSPICIOUS_MOVE = YES;
				CLANG_WARN_UNREACHABLE_CODE = YES;
				CLANG_WARN__DUPLICATE_METHOD_MATCH = YES;
				"CODE_SIGN_IDENTITY[sdk=iphoneos*]" = "iPhone Developer";
				COPY_PHASE_STRIP = NO;
				DEBUG_INFORMATION_FORMAT = "dwarf-with-dsym";
				ENABLE_NS_ASSERTIONS = NO;
				ENABLE_STRICT_OBJC_MSGSEND = YES;
				GCC_C_LANGUAGE_STANDARD = gnu99;
				GCC_NO_COMMON_BLOCKS = YES;
				GCC_WARN_64_TO_32_BIT_CONVERSION = YES;
				GCC_WARN_ABOUT_RETURN_TYPE = YES_ERROR;
				GCC_WARN_UNDECLARED_SELECTOR = YES;
				GCC_WARN_UNINITIALIZED_AUTOS = YES_AGGRESSIVE;
				GCC_WARN_UNUSED_FUNCTION = YES;
				GCC_WARN_UNUSED_VARIABLE = YES;
				IPHONEOS_DEPLOYMENT_TARGET = 10.3;
				MTL_ENABLE_DEBUG_INFO = NO;
				SDKROOT = iphoneos;
				SWIFT_OPTIMIZATION_LEVEL = "-Owholemodule";
				TARGETED_DEVICE_FAMILY = "1,2";
				VALIDATE_PRODUCT = YES;
			};
			name = Release;
		};
		849B92561F02BDA9005397F8 /* Debug */ = {
			isa = XCBuildConfiguration;
			buildSettings = {
				ASSETCATALOG_COMPILER_APPICON_NAME = AppIcon;
				DEVELOPMENT_TEAM = VQGZ978Q6B;
				INFOPLIST_FILE = "Complex Core/Info.plist";
				LD_RUNPATH_SEARCH_PATHS = "$(inherited) @executable_path/Frameworks";
				PRODUCT_BUNDLE_IDENTIFIER = "App-Camp.Convex-Core";
				PRODUCT_NAME = "$(TARGET_NAME)";
				SWIFT_VERSION = 3.0;
			};
			name = Debug;
		};
		849B92571F02BDA9005397F8 /* Release */ = {
			isa = XCBuildConfiguration;
			buildSettings = {
				ASSETCATALOG_COMPILER_APPICON_NAME = AppIcon;
				DEVELOPMENT_TEAM = VQGZ978Q6B;
				INFOPLIST_FILE = "Complex Core/Info.plist";
				LD_RUNPATH_SEARCH_PATHS = "$(inherited) @executable_path/Frameworks";
				PRODUCT_BUNDLE_IDENTIFIER = "App-Camp.Convex-Core";
				PRODUCT_NAME = "$(TARGET_NAME)";
				SWIFT_VERSION = 3.0;
			};
			name = Release;
		};
		849B92591F02BDA9005397F8 /* Debug */ = {
			isa = XCBuildConfiguration;
			buildSettings = {
				ALWAYS_EMBED_SWIFT_STANDARD_LIBRARIES = YES;
				BUNDLE_LOADER = "$(TEST_HOST)";
				INFOPLIST_FILE = "Complex CoreTests/Info.plist";
				LD_RUNPATH_SEARCH_PATHS = "$(inherited) @executable_path/Frameworks @loader_path/Frameworks";
				PRODUCT_BUNDLE_IDENTIFIER = "App-Camp.Complex-CoreTests";
				PRODUCT_NAME = "$(TARGET_NAME)";
				SWIFT_VERSION = 3.0;
				TEST_HOST = "$(BUILT_PRODUCTS_DIR)/Convex Core.app/Convex Core";
			};
			name = Debug;
		};
		849B925A1F02BDA9005397F8 /* Release */ = {
			isa = XCBuildConfiguration;
			buildSettings = {
				ALWAYS_EMBED_SWIFT_STANDARD_LIBRARIES = YES;
				BUNDLE_LOADER = "$(TEST_HOST)";
				INFOPLIST_FILE = "Complex CoreTests/Info.plist";
				LD_RUNPATH_SEARCH_PATHS = "$(inherited) @executable_path/Frameworks @loader_path/Frameworks";
				PRODUCT_BUNDLE_IDENTIFIER = "App-Camp.Complex-CoreTests";
				PRODUCT_NAME = "$(TARGET_NAME)";
				SWIFT_VERSION = 3.0;
				TEST_HOST = "$(BUILT_PRODUCTS_DIR)/Convex Core.app/Convex Core";
			};
			name = Release;
		};
		849B925C1F02BDA9005397F8 /* Debug */ = {
			isa = XCBuildConfiguration;
			buildSettings = {
				ALWAYS_EMBED_SWIFT_STANDARD_LIBRARIES = YES;
				INFOPLIST_FILE = "Complex CoreUITests/Info.plist";
				LD_RUNPATH_SEARCH_PATHS = "$(inherited) @executable_path/Frameworks @loader_path/Frameworks";
				PRODUCT_BUNDLE_IDENTIFIER = "App-Camp.Complex-CoreUITests";
				PRODUCT_NAME = "$(TARGET_NAME)";
				SWIFT_VERSION = 3.0;
				TEST_TARGET_NAME = "Complex Core";
			};
			name = Debug;
		};
		849B925D1F02BDA9005397F8 /* Release */ = {
			isa = XCBuildConfiguration;
			buildSettings = {
				ALWAYS_EMBED_SWIFT_STANDARD_LIBRARIES = YES;
				INFOPLIST_FILE = "Complex CoreUITests/Info.plist";
				LD_RUNPATH_SEARCH_PATHS = "$(inherited) @executable_path/Frameworks @loader_path/Frameworks";
				PRODUCT_BUNDLE_IDENTIFIER = "App-Camp.Complex-CoreUITests";
				PRODUCT_NAME = "$(TARGET_NAME)";
				SWIFT_VERSION = 3.0;
				TEST_TARGET_NAME = "Complex Core";
			};
			name = Release;
		};
/* End XCBuildConfiguration section */

/* Begin XCConfigurationList section */
		849B92221F02BDA8005397F8 /* Build configuration list for PBXProject "Convex Core" */ = {
			isa = XCConfigurationList;
			buildConfigurations = (
				849B92531F02BDA9005397F8 /* Debug */,
				849B92541F02BDA9005397F8 /* Release */,
			);
			defaultConfigurationIsVisible = 0;
			defaultConfigurationName = Release;
		};
		849B92551F02BDA9005397F8 /* Build configuration list for PBXNativeTarget "Convex Core" */ = {
			isa = XCConfigurationList;
			buildConfigurations = (
				849B92561F02BDA9005397F8 /* Debug */,
				849B92571F02BDA9005397F8 /* Release */,
			);
			defaultConfigurationIsVisible = 0;
			defaultConfigurationName = Release;
		};
		849B92581F02BDA9005397F8 /* Build configuration list for PBXNativeTarget "Convex CoreTests" */ = {
			isa = XCConfigurationList;
			buildConfigurations = (
				849B92591F02BDA9005397F8 /* Debug */,
				849B925A1F02BDA9005397F8 /* Release */,
			);
			defaultConfigurationIsVisible = 0;
			defaultConfigurationName = Release;
		};
		849B925B1F02BDA9005397F8 /* Build configuration list for PBXNativeTarget "Convex CoreUITests" */ = {
			isa = XCConfigurationList;
			buildConfigurations = (
				849B925C1F02BDA9005397F8 /* Debug */,
				849B925D1F02BDA9005397F8 /* Release */,
			);
			defaultConfigurationIsVisible = 0;
			defaultConfigurationName = Release;
		};
/* End XCConfigurationList section */
	};
	rootObject = 849B921F1F02BDA8005397F8 /* Project object */;
}
